
Microsoft Visual Studio Solution File, Format Version 12.00
Project("{FAE04EC0-301F-11D3-BF4B-00C04F79EFBC}") = "FireBaseAuthApi", "FireBaseAuthApi\FireBaseAuthApi.csproj", "{AD1C624F-A448-4F3A-9505-38F6D886534C}"
EndProject
Project("{FAE04EC0-301F-11D3-BF4B-00C04F79EFBC}") = "FireBaseAuthConsoleApp", "FireBaseAuthConsoleApp\FireBaseAuthConsoleApp.csproj", "{863B3DE0-DEC8-4FA0-894A-903880140D42}"
EndProject
Global
	GlobalSection(SolutionConfigurationPlatforms) = preSolution
		Debug|Any CPU = Debug|Any CPU
		Release|Any CPU = Release|Any CPU
	EndGlobalSection
	GlobalSection(ProjectConfigurationPlatforms) = postSolution
		{AD1C624F-A448-4F3A-9505-38F6D886534C}.Debug|Any CPU.ActiveCfg = Debug|Any CPU
		{AD1C624F-A448-4F3A-9505-38F6D886534C}.Debug|Any CPU.Build.0 = Debug|Any CPU
		{AD1C624F-A448-4F3A-9505-38F6D886534C}.Release|Any CPU.ActiveCfg = Release|Any CPU
		{AD1C624F-A448-4F3A-9505-38F6D886534C}.Release|Any CPU.Build.0 = Release|Any CPU
		{863B3DE0-DEC8-4FA0-894A-903880140D42}.Debug|Any CPU.ActiveCfg = Debug|Any CPU
		{863B3DE0-DEC8-4FA0-894A-903880140D42}.Debug|Any CPU.Build.0 = Debug|Any CPU
		{863B3DE0-DEC8-4FA0-894A-903880140D42}.Release|Any CPU.ActiveCfg = Release|Any CPU
		{863B3DE0-DEC8-4FA0-894A-903880140D42}.Release|Any CPU.Build.0 = Release|Any CPU
	EndGlobalSection
EndGlobal
